
Microsoft Visual Studio Solution File, Format Version 12.00
# Visual Studio Version 17
VisualStudioVersion = 17.2.32630.192
MinimumVisualStudioVersion = 10.0.40219.1
Project("{FAE04EC0-301F-11D3-BF4B-00C04F79EFBC}") = "numeros primos", "numeros primos\numeros primos.csproj", "{E7D98DE5-385E-49F5-B03D-CD7BF5A7F9D4}"
EndProject
Global
	GlobalSection(SolutionConfigurationPlatforms) = preSolution
		Debug|Any CPU = Debug|Any CPU
		Release|Any CPU = Release|Any CPU
	EndGlobalSection
	GlobalSection(ProjectConfigurationPlatforms) = postSolution
		{E7D98DE5-385E-49F5-B03D-CD7BF5A7F9D4}.Debug|Any CPU.ActiveCfg = Debug|Any CPU
		{E7D98DE5-385E-49F5-B03D-CD7BF5A7F9D4}.Debug|Any CPU.Build.0 = Debug|Any CPU
		{E7D98DE5-385E-49F5-B03D-CD7BF5A7F9D4}.Release|Any CPU.ActiveCfg = Release|Any CPU
		{E7D98DE5-385E-49F5-B03D-CD7BF5A7F9D4}.Release|Any CPU.Build.0 = Release|Any CPU
	EndGlobalSection
	GlobalSection(SolutionProperties) = preSolution
		HideSolutionNode = FALSE
	EndGlobalSection
	GlobalSection(ExtensibilityGlobals) = postSolution
		SolutionGuid = {83436D45-41BD-486B-BE09-5F48068932DC}
	EndGlobalSection
EndGlobal
