
Microsoft Visual Studio Solution File, Format Version 12.00
# Visual Studio Version 17
VisualStudioVersion = 17.2.32630.192
MinimumVisualStudioVersion = 10.0.40219.1
Project("{FAE04EC0-301F-11D3-BF4B-00C04F79EFBC}") = "valoresAleatorios", "valoresAleatorios\valoresAleatorios.csproj", "{DC64A073-74E0-4091-9FAD-5F6CBD817CFA}"
EndProject
Global
	GlobalSection(SolutionConfigurationPlatforms) = preSolution
		Debug|Any CPU = Debug|Any CPU
		Release|Any CPU = Release|Any CPU
	EndGlobalSection
	GlobalSection(ProjectConfigurationPlatforms) = postSolution
		{DC64A073-74E0-4091-9FAD-5F6CBD817CFA}.Debug|Any CPU.ActiveCfg = Debug|Any CPU
		{DC64A073-74E0-4091-9FAD-5F6CBD817CFA}.Debug|Any CPU.Build.0 = Debug|Any CPU
		{DC64A073-74E0-4091-9FAD-5F6CBD817CFA}.Release|Any CPU.ActiveCfg = Release|Any CPU
		{DC64A073-74E0-4091-9FAD-5F6CBD817CFA}.Release|Any CPU.Build.0 = Release|Any CPU
	EndGlobalSection
	GlobalSection(SolutionProperties) = preSolution
		HideSolutionNode = FALSE
	EndGlobalSection
	GlobalSection(ExtensibilityGlobals) = postSolution
		SolutionGuid = {DEF14E57-617D-427A-A90A-16FB9A58BC18}
	EndGlobalSection
EndGlobal
